
Microsoft Visual Studio Solution File, Format Version 12.00
# Visual Studio Version 17
VisualStudioVersion = 17.1.32414.318
MinimumVisualStudioVersion = 10.0.40219.1
Project("{FAE04EC0-301F-11D3-BF4B-00C04F79EFBC}") = "squareroot", "squareroot\squareroot.csproj", "{6CF7BECD-B290-4457-8B7D-CAD423018031}"
EndProject
Global
	GlobalSection(SolutionConfigurationPlatforms) = preSolution
		Debug|Any CPU = Debug|Any CPU
		Release|Any CPU = Release|Any CPU
	EndGlobalSection
	GlobalSection(ProjectConfigurationPlatforms) = postSolution
		{6CF7BECD-B290-4457-8B7D-CAD423018031}.Debug|Any CPU.ActiveCfg = Debug|Any CPU
		{6CF7BECD-B290-4457-8B7D-CAD423018031}.Debug|Any CPU.Build.0 = Debug|Any CPU
		{6CF7BECD-B290-4457-8B7D-CAD423018031}.Release|Any CPU.ActiveCfg = Release|Any CPU
		{6CF7BECD-B290-4457-8B7D-CAD423018031}.Release|Any CPU.Build.0 = Release|Any CPU
	EndGlobalSection
	GlobalSection(SolutionProperties) = preSolution
		HideSolutionNode = FALSE
	EndGlobalSection
	GlobalSection(ExtensibilityGlobals) = postSolution
		SolutionGuid = {715CFE2B-7780-422C-A029-09B0D347CFE7}
	EndGlobalSection
EndGlobal
