
Microsoft Visual Studio Solution File, Format Version 12.00
# Visual Studio Version 17
VisualStudioVersion = 17.1.32414.318
MinimumVisualStudioVersion = 10.0.40219.1
Project("{FAE04EC0-301F-11D3-BF4B-00C04F79EFBC}") = "SwapTwoNumbers", "SwapTwoNumbers\SwapTwoNumbers.csproj", "{EA8FC47F-F1E9-42F6-8E5C-AFEDBEC97F22}"
EndProject
Global
	GlobalSection(SolutionConfigurationPlatforms) = preSolution
		Debug|Any CPU = Debug|Any CPU
		Release|Any CPU = Release|Any CPU
	EndGlobalSection
	GlobalSection(ProjectConfigurationPlatforms) = postSolution
		{EA8FC47F-F1E9-42F6-8E5C-AFEDBEC97F22}.Debug|Any CPU.ActiveCfg = Debug|Any CPU
		{EA8FC47F-F1E9-42F6-8E5C-AFEDBEC97F22}.Debug|Any CPU.Build.0 = Debug|Any CPU
		{EA8FC47F-F1E9-42F6-8E5C-AFEDBEC97F22}.Release|Any CPU.ActiveCfg = Release|Any CPU
		{EA8FC47F-F1E9-42F6-8E5C-AFEDBEC97F22}.Release|Any CPU.Build.0 = Release|Any CPU
	EndGlobalSection
	GlobalSection(SolutionProperties) = preSolution
		HideSolutionNode = FALSE
	EndGlobalSection
	GlobalSection(ExtensibilityGlobals) = postSolution
		SolutionGuid = {166C5655-EB12-4E83-9A36-963B02A3DD59}
	EndGlobalSection
EndGlobal
