
Microsoft Visual Studio Solution File, Format Version 12.00
# Visual Studio Version 17
VisualStudioVersion = 17.1.32414.318
MinimumVisualStudioVersion = 10.0.40219.1
Project("{FAE04EC0-301F-11D3-BF4B-00C04F79EFBC}") = "Alphabet is Vowel or Consonant", "Alphabet is Vowel or Consonant\Alphabet is Vowel or Consonant.csproj", "{AC6D54D8-C365-48DD-A2DE-48A79D9A68A8}"
EndProject
Global
	GlobalSection(SolutionConfigurationPlatforms) = preSolution
		Debug|Any CPU = Debug|Any CPU
		Release|Any CPU = Release|Any CPU
	EndGlobalSection
	GlobalSection(ProjectConfigurationPlatforms) = postSolution
		{AC6D54D8-C365-48DD-A2DE-48A79D9A68A8}.Debug|Any CPU.ActiveCfg = Debug|Any CPU
		{AC6D54D8-C365-48DD-A2DE-48A79D9A68A8}.Debug|Any CPU.Build.0 = Debug|Any CPU
		{AC6D54D8-C365-48DD-A2DE-48A79D9A68A8}.Release|Any CPU.ActiveCfg = Release|Any CPU
		{AC6D54D8-C365-48DD-A2DE-48A79D9A68A8}.Release|Any CPU.Build.0 = Release|Any CPU
	EndGlobalSection
	GlobalSection(SolutionProperties) = preSolution
		HideSolutionNode = FALSE
	EndGlobalSection
	GlobalSection(ExtensibilityGlobals) = postSolution
		SolutionGuid = {88F226AD-3BD6-4B83-A194-C39AB794E904}
	EndGlobalSection
EndGlobal
