
Microsoft Visual Studio Solution File, Format Version 12.00
# Visual Studio Version 17
VisualStudioVersion = 17.1.32414.318
MinimumVisualStudioVersion = 10.0.40219.1
Project("{FAE04EC0-301F-11D3-BF4B-00C04F79EFBC}") = "Prime factor", "Prime factor\Prime factor.csproj", "{EB9AAF77-DE2E-4E9F-BF6B-BB4CBEEAE2EC}"
EndProject
Global
	GlobalSection(SolutionConfigurationPlatforms) = preSolution
		Debug|Any CPU = Debug|Any CPU
		Release|Any CPU = Release|Any CPU
	EndGlobalSection
	GlobalSection(ProjectConfigurationPlatforms) = postSolution
		{EB9AAF77-DE2E-4E9F-BF6B-BB4CBEEAE2EC}.Debug|Any CPU.ActiveCfg = Debug|Any CPU
		{EB9AAF77-DE2E-4E9F-BF6B-BB4CBEEAE2EC}.Debug|Any CPU.Build.0 = Debug|Any CPU
		{EB9AAF77-DE2E-4E9F-BF6B-BB4CBEEAE2EC}.Release|Any CPU.ActiveCfg = Release|Any CPU
		{EB9AAF77-DE2E-4E9F-BF6B-BB4CBEEAE2EC}.Release|Any CPU.Build.0 = Release|Any CPU
	EndGlobalSection
	GlobalSection(SolutionProperties) = preSolution
		HideSolutionNode = FALSE
	EndGlobalSection
	GlobalSection(ExtensibilityGlobals) = postSolution
		SolutionGuid = {50641F2A-5BA2-449E-9B79-C5B82044D843}
	EndGlobalSection
EndGlobal
